
Microsoft Visual Studio Solution File, Format Version 12.00
# Visual Studio Version 17
VisualStudioVersion = 17.7.34031.279
MinimumVisualStudioVersion = 10.0.40219.1
Project("{9A19103F-16F7-4668-BE54-9A1E7A4F7556}") = "Streaming.API", "Streaming.API\Streaming.API.csproj", "{2FEFE71C-928B-41E4-8ADE-533B74F8AB16}"
EndProject
Project("{9A19103F-16F7-4668-BE54-9A1E7A4F7556}") = "Streaming.UI", "Streaming.UI\Streaming.UI.csproj", "{4013870A-5714-4545-83A7-4E5890BD001C}"
EndProject
Project("{9A19103F-16F7-4668-BE54-9A1E7A4F7556}") = "Streaming.API.Test", "Streaming.Test\Streaming.API.Test.csproj", "{B20ADBCE-881A-43BA-9315-8B7A4B4020D3}"
EndProject
Global
	GlobalSection(SolutionConfigurationPlatforms) = preSolution
		Debug|Any CPU = Debug|Any CPU
		Release|Any CPU = Release|Any CPU
	EndGlobalSection
	GlobalSection(ProjectConfigurationPlatforms) = postSolution
		{2FEFE71C-928B-41E4-8ADE-533B74F8AB16}.Debug|Any CPU.ActiveCfg = Debug|Any CPU
		{2FEFE71C-928B-41E4-8ADE-533B74F8AB16}.Debug|Any CPU.Build.0 = Debug|Any CPU
		{2FEFE71C-928B-41E4-8ADE-533B74F8AB16}.Release|Any CPU.ActiveCfg = Release|Any CPU
		{2FEFE71C-928B-41E4-8ADE-533B74F8AB16}.Release|Any CPU.Build.0 = Release|Any CPU
		{4013870A-5714-4545-83A7-4E5890BD001C}.Debug|Any CPU.ActiveCfg = Debug|Any CPU
		{4013870A-5714-4545-83A7-4E5890BD001C}.Debug|Any CPU.Build.0 = Debug|Any CPU
		{4013870A-5714-4545-83A7-4E5890BD001C}.Release|Any CPU.ActiveCfg = Release|Any CPU
		{4013870A-5714-4545-83A7-4E5890BD001C}.Release|Any CPU.Build.0 = Release|Any CPU
		{B20ADBCE-881A-43BA-9315-8B7A4B4020D3}.Debug|Any CPU.ActiveCfg = Debug|Any CPU
		{B20ADBCE-881A-43BA-9315-8B7A4B4020D3}.Debug|Any CPU.Build.0 = Debug|Any CPU
		{B20ADBCE-881A-43BA-9315-8B7A4B4020D3}.Release|Any CPU.ActiveCfg = Release|Any CPU
		{B20ADBCE-881A-43BA-9315-8B7A4B4020D3}.Release|Any CPU.Build.0 = Release|Any CPU
	EndGlobalSection
	GlobalSection(SolutionProperties) = preSolution
		HideSolutionNode = FALSE
	EndGlobalSection
	GlobalSection(ExtensibilityGlobals) = postSolution
		SolutionGuid = {3D05BAFD-1C7D-4ED8-B2EC-FABD9F7E1A26}
	EndGlobalSection
EndGlobal
